// !$*UTF8*$!
{
	archiveVersion = 1;
	classes = {
	};
	objectVersion = 46;
	objects = {

/* Begin PBXBuildFile section */
		7FB7545C1F2D33CF005341BF /* AppDelegate.swift in Sources */ = {isa = PBXBuildFile; fileRef = 7FB7545B1F2D33CF005341BF /* AppDelegate.swift */; };
		7FB7545E1F2D33CF005341BF /* ViewController.swift in Sources */ = {isa = PBXBuildFile; fileRef = 7FB7545D1F2D33CF005341BF /* ViewController.swift */; };
		7FB754611F2D33CF005341BF /* Main.storyboard in Resources */ = {isa = PBXBuildFile; fileRef = 7FB7545F1F2D33CF005341BF /* Main.storyboard */; };
		7FB754631F2D33CF005341BF /* Assets.xcassets in Resources */ = {isa = PBXBuildFile; fileRef = 7FB754621F2D33CF005341BF /* Assets.xcassets */; };
		7FB754661F2D33CF005341BF /* LaunchScreen.storyboard in Resources */ = {isa = PBXBuildFile; fileRef = 7FB754641F2D33CF005341BF /* LaunchScreen.storyboard */; };
		7FB754711F2D33CF005341BF /* BabyBornTests.swift in Sources */ = {isa = PBXBuildFile; fileRef = 7FB754701F2D33CF005341BF /* BabyBornTests.swift */; };
		7FB7547C1F2D33CF005341BF /* BabyBornUITests.swift in Sources */ = {isa = PBXBuildFile; fileRef = 7FB7547B1F2D33CF005341BF /* BabyBornUITests.swift */; };
		7FB7548C1F2D8F99005341BF /* RegisterPageViewController.swift in Sources */ = {isa = PBXBuildFile; fileRef = 7FB7548B1F2D8F99005341BF /* RegisterPageViewController.swift */; };
/* End PBXBuildFile section */

/* Begin PBXContainerItemProxy section */
		7FB7546D1F2D33CF005341BF /* PBXContainerItemProxy */ = {
			isa = PBXContainerItemProxy;
			containerPortal = 7FB754501F2D33CF005341BF /* Project object */;
			proxyType = 1;
			remoteGlobalIDString = 7FB754571F2D33CF005341BF;
			remoteInfo = BabyBorn;
		};
		7FB754781F2D33CF005341BF /* PBXContainerItemProxy */ = {
			isa = PBXContainerItemProxy;
			containerPortal = 7FB754501F2D33CF005341BF /* Project object */;
			proxyType = 1;
			remoteGlobalIDString = 7FB754571F2D33CF005341BF;
			remoteInfo = BabyBorn;
		};
/* End PBXContainerItemProxy section */

/* Begin PBXFileReference section */
		7FB754581F2D33CF005341BF /* BabyBorn.app */ = {isa = PBXFileReference; explicitFileType = wrapper.application; includeInIndex = 0; path = BabyBorn.app; sourceTree = BUILT_PRODUCTS_DIR; };
		7FB7545B1F2D33CF005341BF /* AppDelegate.swift */ = {isa = PBXFileReference; lastKnownFileType = sourcecode.swift; path = AppDelegate.swift; sourceTree = "<group>"; };
		7FB7545D1F2D33CF005341BF /* ViewController.swift */ = {isa = PBXFileReference; lastKnownFileType = sourcecode.swift; path = ViewController.swift; sourceTree = "<group>"; };
		7FB754601F2D33CF005341BF /* Base */ = {isa = PBXFileReference; lastKnownFileType = file.storyboard; name = Base; path = Base.lproj/Main.storyboard; sourceTree = "<group>"; };
		7FB754621F2D33CF005341BF /* Assets.xcassets */ = {isa = PBXFileReference; lastKnownFileType = folder.assetcatalog; path = Assets.xcassets; sourceTree = "<group>"; };
		7FB754651F2D33CF005341BF /* Base */ = {isa = PBXFileReference; lastKnownFileType = file.storyboard; name = Base; path = Base.lproj/LaunchScreen.storyboard; sourceTree = "<group>"; };
		7FB754671F2D33CF005341BF /* Info.plist */ = {isa = PBXFileReference; lastKnownFileType = text.plist.xml; path = Info.plist; sourceTree = "<group>"; };
		7FB7546C1F2D33CF005341BF /* BabyBornTests.xctest */ = {isa = PBXFileReference; explicitFileType = wrapper.cfbundle; includeInIndex = 0; path = BabyBornTests.xctest; sourceTree = BUILT_PRODUCTS_DIR; };
		7FB754701F2D33CF005341BF /* BabyBornTests.swift */ = {isa = PBXFileReference; lastKnownFileType = sourcecode.swift; path = BabyBornTests.swift; sourceTree = "<group>"; };
		7FB754721F2D33CF005341BF /* Info.plist */ = {isa = PBXFileReference; lastKnownFileType = text.plist.xml; path = Info.plist; sourceTree = "<group>"; };
		7FB754771F2D33CF005341BF /* BabyBornUITests.xctest */ = {isa = PBXFileReference; explicitFileType = wrapper.cfbundle; includeInIndex = 0; path = BabyBornUITests.xctest; sourceTree = BUILT_PRODUCTS_DIR; };
		7FB7547B1F2D33CF005341BF /* BabyBornUITests.swift */ = {isa = PBXFileReference; lastKnownFileType = sourcecode.swift; path = BabyBornUITests.swift; sourceTree = "<group>"; };
		7FB7547D1F2D33CF005341BF /* Info.plist */ = {isa = PBXFileReference; lastKnownFileType = text.plist.xml; path = Info.plist; sourceTree = "<group>"; };
		7FB7548B1F2D8F99005341BF /* RegisterPageViewController.swift */ = {isa = PBXFileReference; fileEncoding = 4; lastKnownFileType = sourcecode.swift; path = RegisterPageViewController.swift; sourceTree = "<group>"; };
/* End PBXFileReference section */

/* Begin PBXFrameworksBuildPhase section */
		7FB754551F2D33CF005341BF /* Frameworks */ = {
			isa = PBXFrameworksBuildPhase;
			buildActionMask = 2147483647;
			files = (
			);
			runOnlyForDeploymentPostprocessing = 0;
		};
		7FB754691F2D33CF005341BF /* Frameworks */ = {
			isa = PBXFrameworksBuildPhase;
			buildActionMask = 2147483647;
			files = (
			);
			runOnlyForDeploymentPostprocessing = 0;
		};
		7FB754741F2D33CF005341BF /* Frameworks */ = {
			isa = PBXFrameworksBuildPhase;
			buildActionMask = 2147483647;
			files = (
			);
			runOnlyForDeploymentPostprocessing = 0;
		};
/* End PBXFrameworksBuildPhase section */

/* Begin PBXGroup section */
		7FB7544F1F2D33CF005341BF = {
			isa = PBXGroup;
			children = (
				7FB7545A1F2D33CF005341BF /* BabyBorn */,
				7FB7546F1F2D33CF005341BF /* BabyBornTests */,
				7FB7547A1F2D33CF005341BF /* BabyBornUITests */,
				7FB754591F2D33CF005341BF /* Products */,
			);
			sourceTree = "<group>";
		};
		7FB754591F2D33CF005341BF /* Products */ = {
			isa = PBXGroup;
			children = (
				7FB754581F2D33CF005341BF /* BabyBorn.app */,
				7FB7546C1F2D33CF005341BF /* BabyBornTests.xctest */,
				7FB754771F2D33CF005341BF /* BabyBornUITests.xctest */,
			);
			name = Products;
			sourceTree = "<group>";
		};
		7FB7545A1F2D33CF005341BF /* BabyBorn */ = {
			isa = PBXGroup;
			children = (
				7FB7545B1F2D33CF005341BF /* AppDelegate.swift */,
				7FB7545D1F2D33CF005341BF /* ViewController.swift */,
				7FB7545F1F2D33CF005341BF /* Main.storyboard */,
				7FB754621F2D33CF005341BF /* Assets.xcassets */,
				7FB754641F2D33CF005341BF /* LaunchScreen.storyboard */,
				7FB754671F2D33CF005341BF /* Info.plist */,
				7FB7548B1F2D8F99005341BF /* RegisterPageViewController.swift */,
			);
			path = BabyBorn;
			sourceTree = "<group>";
		};
		7FB7546F1F2D33CF005341BF /* BabyBornTests */ = {
			isa = PBXGroup;
			children = (
				7FB754701F2D33CF005341BF /* BabyBornTests.swift */,
				7FB754721F2D33CF005341BF /* Info.plist */,
			);
			path = BabyBornTests;
			sourceTree = "<group>";
		};
		7FB7547A1F2D33CF005341BF /* BabyBornUITests */ = {
			isa = PBXGroup;
			children = (
				7FB7547B1F2D33CF005341BF /* BabyBornUITests.swift */,
				7FB7547D1F2D33CF005341BF /* Info.plist */,
			);
			path = BabyBornUITests;
			sourceTree = "<group>";
		};
/* End PBXGroup section */

/* Begin PBXNativeTarget section */
		7FB754571F2D33CF005341BF /* BabyBorn */ = {
			isa = PBXNativeTarget;
			buildConfigurationList = 7FB754801F2D33CF005341BF /* Build configuration list for PBXNativeTarget "BabyBorn" */;
			buildPhases = (
				7FB754541F2D33CF005341BF /* Sources */,
				7FB754551F2D33CF005341BF /* Frameworks */,
				7FB754561F2D33CF005341BF /* Resources */,
			);
			buildRules = (
			);
			dependencies = (
			);
			name = BabyBorn;
			productName = BabyBorn;
			productReference = 7FB754581F2D33CF005341BF /* BabyBorn.app */;
			productType = "com.apple.product-type.application";
		};
		7FB7546B1F2D33CF005341BF /* BabyBornTests */ = {
			isa = PBXNativeTarget;
			buildConfigurationList = 7FB754831F2D33CF005341BF /* Build configuration list for PBXNativeTarget "BabyBornTests" */;
			buildPhases = (
				7FB754681F2D33CF005341BF /* Sources */,
				7FB754691F2D33CF005341BF /* Frameworks */,
				7FB7546A1F2D33CF005341BF /* Resources */,
			);
			buildRules = (
			);
			dependencies = (
				7FB7546E1F2D33CF005341BF /* PBXTargetDependency */,
			);
			name = BabyBornTests;
			productName = BabyBornTests;
			productReference = 7FB7546C1F2D33CF005341BF /* BabyBornTests.xctest */;
			productType = "com.apple.product-type.bundle.unit-test";
		};
		7FB754761F2D33CF005341BF /* BabyBornUITests */ = {
			isa = PBXNativeTarget;
			buildConfigurationList = 7FB754861F2D33CF005341BF /* Build configuration list for PBXNativeTarget "BabyBornUITests" */;
			buildPhases = (
				7FB754731F2D33CF005341BF /* Sources */,
				7FB754741F2D33CF005341BF /* Frameworks */,
				7FB754751F2D33CF005341BF /* Resources */,
			);
			buildRules = (
			);
			dependencies = (
				7FB754791F2D33CF005341BF /* PBXTargetDependency */,
			);
			name = BabyBornUITests;
			productName = BabyBornUITests;
			productReference = 7FB754771F2D33CF005341BF /* BabyBornUITests.xctest */;
			productType = "com.apple.product-type.bundle.ui-testing";
		};
/* End PBXNativeTarget section */

/* Begin PBXProject section */
		7FB754501F2D33CF005341BF /* Project object */ = {
			isa = PBXProject;
			attributes = {
				LastSwiftUpdateCheck = 0830;
				LastUpgradeCheck = 0830;
				ORGANIZATIONNAME = "Abitha Thiru";
				TargetAttributes = {
					7FB754571F2D33CF005341BF = {
						CreatedOnToolsVersion = 8.3.2;
						ProvisioningStyle = Automatic;
					};
					7FB7546B1F2D33CF005341BF = {
						CreatedOnToolsVersion = 8.3.2;
						ProvisioningStyle = Automatic;
						TestTargetID = 7FB754571F2D33CF005341BF;
					};
					7FB754761F2D33CF005341BF = {
						CreatedOnToolsVersion = 8.3.2;
						ProvisioningStyle = Automatic;
						TestTargetID = 7FB754571F2D33CF005341BF;
					};
				};
			};
			buildConfigurationList = 7FB754531F2D33CF005341BF /* Build configuration list for PBXProject "BabyBorn" */;
			compatibilityVersion = "Xcode 3.2";
			developmentRegion = English;
			hasScannedForEncodings = 0;
			knownRegions = (
				en,
				Base,
			);
			mainGroup = 7FB7544F1F2D33CF005341BF;
			productRefGroup = 7FB754591F2D33CF005341BF /* Products */;
			projectDirPath = "";
			projectRoot = "";
			targets = (
				7FB754571F2D33CF005341BF /* BabyBorn */,
				7FB7546B1F2D33CF005341BF /* BabyBornTests */,
				7FB754761F2D33CF005341BF /* BabyBornUITests */,
			);
		};
/* End PBXProject section */

/* Begin PBXResourcesBuildPhase section */
		7FB754561F2D33CF005341BF /* Resources */ = {
			isa = PBXResourcesBuildPhase;
			buildActionMask = 2147483647;
			files = (
				7FB754661F2D33CF005341BF /* LaunchScreen.storyboard in Resources */,
				7FB754631F2D33CF005341BF /* Assets.xcassets in Resources */,
				7FB754611F2D33CF005341BF /* Main.storyboard in Resources */,
			);
			runOnlyForDeploymentPostprocessing = 0;
		};
		7FB7546A1F2D33CF005341BF /* Resources */ = {
			isa = PBXResourcesBuildPhase;
			buildActionMask = 2147483647;
			files = (
			);
			runOnlyForDeploymentPostprocessing = 0;
		};
		7FB754751F2D33CF005341BF /* Resources */ = {
			isa = PBXResourcesBuildPhase;
			buildActionMask = 2147483647;
			files = (
			);
			runOnlyForDeploymentPostprocessing = 0;
		};
/* End PBXResourcesBuildPhase section */

/* Begin PBXSourcesBuildPhase section */
		7FB754541F2D33CF005341BF /* Sources */ = {
			isa = PBXSourcesBuildPhase;
			buildActionMask = 2147483647;
			files = (
				7FB7545E1F2D33CF005341BF /* ViewController.swift in Sources */,
				7FB7545C1F2D33CF005341BF /* AppDelegate.swift in Sources */,
				7FB7548C1F2D8F99005341BF /* RegisterPageViewController.swift in Sources */,
			);
			runOnlyForDeploymentPostprocessing = 0;
		};
		7FB754681F2D33CF005341BF /* Sources */ = {
			isa = PBXSourcesBuildPhase;
			buildActionMask = 2147483647;
			files = (
				7FB754711F2D33CF005341BF /* BabyBornTests.swift in Sources */,
			);
			runOnlyForDeploymentPostprocessing = 0;
		};
		7FB754731F2D33CF005341BF /* Sources */ = {
			isa = PBXSourcesBuildPhase;
			buildActionMask = 2147483647;
			files = (
				7FB7547C1F2D33CF005341BF /* BabyBornUITests.swift in Sources */,
			);
			runOnlyForDeploymentPostprocessing = 0;
		};
/* End PBXSourcesBuildPhase section */

/* Begin PBXTargetDependency section */
		7FB7546E1F2D33CF005341BF /* PBXTargetDependency */ = {
			isa = PBXTargetDependency;
			target = 7FB754571F2D33CF005341BF /* BabyBorn */;
			targetProxy = 7FB7546D1F2D33CF005341BF /* PBXContainerItemProxy */;
		};
		7FB754791F2D33CF005341BF /* PBXTargetDependency */ = {
			isa = PBXTargetDependency;
			target = 7FB754571F2D33CF005341BF /* BabyBorn */;
			targetProxy = 7FB754781F2D33CF005341BF /* PBXContainerItemProxy */;
		};
/* End PBXTargetDependency section */

/* Begin PBXVariantGroup section */
		7FB7545F1F2D33CF005341BF /* Main.storyboard */ = {
			isa = PBXVariantGroup;
			children = (
				7FB754601F2D33CF005341BF /* Base */,
			);
			name = Main.storyboard;
			sourceTree = "<group>";
		};
		7FB754641F2D33CF005341BF /* LaunchScreen.storyboard */ = {
			isa = PBXVariantGroup;
			children = (
				7FB754651F2D33CF005341BF /* Base */,
			);
			name = LaunchScreen.storyboard;
			sourceTree = "<group>";
		};
/* End PBXVariantGroup section */

/* Begin XCBuildConfiguration section */
		7FB7547E1F2D33CF005341BF /* Debug */ = {
			isa = XCBuildConfiguration;
			buildSettings = {
				ALWAYS_SEARCH_USER_PATHS = NO;
				CLANG_ANALYZER_NONNULL = YES;
				CLANG_ANALYZER_NUMBER_OBJECT_CONVERSION = YES_AGGRESSIVE;
				CLANG_CXX_LANGUAGE_STANDARD = "gnu++0x";
				CLANG_CXX_LIBRARY = "libc++";
				CLANG_ENABLE_MODULES = YES;
				CLANG_ENABLE_OBJC_ARC = YES;
				CLANG_WARN_BOOL_CONVERSION = YES;
				CLANG_WARN_CONSTANT_CONVERSION = YES;
				CLANG_WARN_DIRECT_OBJC_ISA_USAGE = YES_ERROR;
				CLANG_WARN_DOCUMENTATION_COMMENTS = YES;
				CLANG_WARN_EMPTY_BODY = YES;
				CLANG_WARN_ENUM_CONVERSION = YES;
				CLANG_WARN_INFINITE_RECURSION = YES;
				CLANG_WARN_INT_CONVERSION = YES;
				CLANG_WARN_OBJC_ROOT_CLASS = YES_ERROR;
				CLANG_WARN_SUSPICIOUS_MOVE = YES;
				CLANG_WARN_UNREACHABLE_CODE = YES;
				CLANG_WARN__DUPLICATE_METHOD_MATCH = YES;
				"CODE_SIGN_IDENTITY[sdk=iphoneos*]" = "iPhone Developer";
				COPY_PHASE_STRIP = NO;
				DEBUG_INFORMATION_FORMAT = dwarf;
				ENABLE_STRICT_OBJC_MSGSEND = YES;
				ENABLE_TESTABILITY = YES;
				GCC_C_LANGUAGE_STANDARD = gnu99;
				GCC_DYNAMIC_NO_PIC = NO;
				GCC_NO_COMMON_BLOCKS = YES;
				GCC_OPTIMIZATION_LEVEL = 0;
				GCC_PREPROCESSOR_DEFINITIONS = (
					"DEBUG=1",
					"$(inherited)",
				);
				GCC_WARN_64_TO_32_BIT_CONVERSION = YES;
				GCC_WARN_ABOUT_RETURN_TYPE = YES_ERROR;
				GCC_WARN_UNDECLARED_SELECTOR = YES;
				GCC_WARN_UNINITIALIZED_AUTOS = YES_AGGRESSIVE;
				GCC_WARN_UNUSED_FUNCTION = YES;
				GCC_WARN_UNUSED_VARIABLE = YES;
				IPHONEOS_DEPLOYMENT_TARGET = 10.3;
				MTL_ENABLE_DEBUG_INFO = YES;
				ONLY_ACTIVE_ARCH = YES;
				SDKROOT = iphoneos;
				SWIFT_ACTIVE_COMPILATION_CONDITIONS = DEBUG;
				SWIFT_OPTIMIZATION_LEVEL = "-Onone";
			};
			name = Debug;
		};
		7FB7547F1F2D33CF005341BF /* Release */ = {
			isa = XCBuildConfiguration;
			buildSettings = {
				ALWAYS_SEARCH_USER_PATHS = NO;
				CLANG_ANALYZER_NONNULL = YES;
				CLANG_ANALYZER_NUMBER_OBJECT_CONVERSION = YES_AGGRESSIVE;
				CLANG_CXX_LANGUAGE_STANDARD = "gnu++0x";
				CLANG_CXX_LIBRARY = "libc++";
				CLANG_ENABLE_MODULES = YES;
				CLANG_ENABLE_OBJC_ARC = YES;
				CLANG_WARN_BOOL_CONVERSION = YES;
				CLANG_WARN_CONSTANT_CONVERSION = YES;
				CLANG_WARN_DIRECT_OBJC_ISA_USAGE = YES_ERROR;
				CLANG_WARN_DOCUMENTATION_COMMENTS = YES;
				CLANG_WARN_EMPTY_BODY = YES;
				CLANG_WARN_ENUM_CONVERSION = YES;
				CLANG_WARN_INFINITE_RECURSION = YES;
				CLANG_WARN_INT_CONVERSION = YES;
				CLANG_WARN_OBJC_ROOT_CLASS = YES_ERROR;
				CLANG_WARN_SUSPICIOUS_MOVE = YES;
				CLANG_WARN_UNREACHABLE_CODE = YES;
				CLANG_WARN__DUPLICATE_METHOD_MATCH = YES;
				"CODE_SIGN_IDENTITY[sdk=iphoneos*]" = "iPhone Developer";
				COPY_PHASE_STRIP = NO;
				DEBUG_INFORMATION_FORMAT = "dwarf-with-dsym";
				ENABLE_NS_ASSERTIONS = NO;
				ENABLE_STRICT_OBJC_MSGSEND = YES;
				GCC_C_LANGUAGE_STANDARD = gnu99;
				GCC_NO_COMMON_BLOCKS = YES;
				GCC_WARN_64_TO_32_BIT_CONVERSION = YES;
				GCC_WARN_ABOUT_RETURN_TYPE = YES_ERROR;
				GCC_WARN_UNDECLARED_SELECTOR = YES;
				GCC_WARN_UNINITIALIZED_AUTOS = YES_AGGRESSIVE;
				GCC_WARN_UNUSED_FUNCTION = YES;
				GCC_WARN_UNUSED_VARIABLE = YES;
				IPHONEOS_DEPLOYMENT_TARGET = 10.3;
				MTL_ENABLE_DEBUG_INFO = NO;
				SDKROOT = iphoneos;
				SWIFT_OPTIMIZATION_LEVEL = "-Owholemodule";
				VALIDATE_PRODUCT = YES;
			};
			name = Release;
		};
		7FB754811F2D33CF005341BF /* Debug */ = {
			isa = XCBuildConfiguration;
			buildSettings = {
				ASSETCATALOG_COMPILER_APPICON_NAME = AppIcon;
				INFOPLIST_FILE = BabyBorn/Info.plist;
				LD_RUNPATH_SEARCH_PATHS = "$(inherited) @executable_path/Frameworks";
				PRODUCT_BUNDLE_IDENTIFIER = AbithaThiru.BabyBorn;
				PRODUCT_NAME = "$(TARGET_NAME)";
				SWIFT_VERSION = 3.0;
			};
			name = Debug;
		};
		7FB754821F2D33CF005341BF /* Release */ = {
			isa = XCBuildConfiguration;
			buildSettings = {
				ASSETCATALOG_COMPILER_APPICON_NAME = AppIcon;
				INFOPLIST_FILE = BabyBorn/Info.plist;
				LD_RUNPATH_SEARCH_PATHS = "$(inherited) @executable_path/Frameworks";
				PRODUCT_BUNDLE_IDENTIFIER = AbithaThiru.BabyBorn;
				PRODUCT_NAME = "$(TARGET_NAME)";
				SWIFT_VERSION = 3.0;
			};
			name = Release;
		};
		7FB754841F2D33CF005341BF /* Debug */ = {
			isa = XCBuildConfiguration;
			buildSettings = {
				ALWAYS_EMBED_SWIFT_STANDARD_LIBRARIES = YES;
				BUNDLE_LOADER = "$(TEST_HOST)";
				INFOPLIST_FILE = BabyBornTests/Info.plist;
				LD_RUNPATH_SEARCH_PATHS = "$(inherited) @executable_path/Frameworks @loader_path/Frameworks";
				PRODUCT_BUNDLE_IDENTIFIER = AbithaThiru.BabyBornTests;
				PRODUCT_NAME = "$(TARGET_NAME)";
				SWIFT_VERSION = 3.0;
				TEST_HOST = "$(BUILT_PRODUCTS_DIR)/BabyBorn.app/BabyBorn";
			};
			name = Debug;
		};
		7FB754851F2D33CF005341BF /* Release */ = {
			isa = XCBuildConfiguration;
			buildSettings = {
				ALWAYS_EMBED_SWIFT_STANDARD_LIBRARIES = YES;
				BUNDLE_LOADER = "$(TEST_HOST)";
				INFOPLIST_FILE = BabyBornTests/Info.plist;
				LD_RUNPATH_SEARCH_PATHS = "$(inherited) @executable_path/Frameworks @loader_path/Frameworks";
				PRODUCT_BUNDLE_IDENTIFIER = AbithaThiru.BabyBornTests;
				PRODUCT_NAME = "$(TARGET_NAME)";
				SWIFT_VERSION = 3.0;
				TEST_HOST = "$(BUILT_PRODUCTS_DIR)/BabyBorn.app/BabyBorn";
			};
			name = Release;
		};
		7FB754871F2D33CF005341BF /* Debug */ = {
			isa = XCBuildConfiguration;
			buildSettings = {
				ALWAYS_EMBED_SWIFT_STANDARD_LIBRARIES = YES;
				INFOPLIST_FILE = BabyBornUITests/Info.plist;
				LD_RUNPATH_SEARCH_PATHS = "$(inherited) @executable_path/Frameworks @loader_path/Frameworks";
				PRODUCT_BUNDLE_IDENTIFIER = AbithaThiru.BabyBornUITests;
				PRODUCT_NAME = "$(TARGET_NAME)";
				SWIFT_VERSION = 3.0;
				TEST_TARGET_NAME = BabyBorn;
			};
			name = Debug;
		};
		7FB754881F2D33CF005341BF /* Release */ = {
			isa = XCBuildConfiguration;
			buildSettings = {
				ALWAYS_EMBED_SWIFT_STANDARD_LIBRARIES = YES;
				INFOPLIST_FILE = BabyBornUITests/Info.plist;
				LD_RUNPATH_SEARCH_PATHS = "$(inherited) @executable_path/Frameworks @loader_path/Frameworks";
				PRODUCT_BUNDLE_IDENTIFIER = AbithaThiru.BabyBornUITests;
				PRODUCT_NAME = "$(TARGET_NAME)";
				SWIFT_VERSION = 3.0;
				TEST_TARGET_NAME = BabyBorn;
			};
			name = Release;
		};
/* End XCBuildConfiguration section */

/* Begin XCConfigurationList section */
		7FB754531F2D33CF005341BF /* Build configuration list for PBXProject "BabyBorn" */ = {
			isa = XCConfigurationList;
			buildConfigurations = (
				7FB7547E1F2D33CF005341BF /* Debug */,
				7FB7547F1F2D33CF005341BF /* Release */,
			);
			defaultConfigurationIsVisible = 0;
			defaultConfigurationName = Release;
		};
		7FB754801F2D33CF005341BF /* Build configuration list for PBXNativeTarget "BabyBorn" */ = {
			isa = XCConfigurationList;
			buildConfigurations = (
				7FB754811F2D33CF005341BF /* Debug */,
				7FB754821F2D33CF005341BF /* Release */,
			);
			defaultConfigurationIsVisible = 0;
		};
		7FB754831F2D33CF005341BF /* Build configuration list for PBXNativeTarget "BabyBornTests" */ = {
			isa = XCConfigurationList;
			buildConfigurations = (
				7FB754841F2D33CF005341BF /* Debug */,
				7FB754851F2D33CF005341BF /* Release */,
			);
			defaultConfigurationIsVisible = 0;
		};
		7FB754861F2D33CF005341BF /* Build configuration list for PBXNativeTarget "BabyBornUITests" */ = {
			isa = XCConfigurationList;
			buildConfigurations = (
				7FB754871F2D33CF005341BF /* Debug */,
				7FB754881F2D33CF005341BF /* Release */,
			);
			defaultConfigurationIsVisible = 0;
		};
/* End XCConfigurationList section */
	};
	rootObject = 7FB754501F2D33CF005341BF /* Project object */;
}
